// !$*UTF8*$!
{
	archiveVersion = 1;
	classes = {
	};
	objectVersion = 46;
	objects = {

/* Begin PBXBuildFile section */
		9AC960181A353E7A00AC648D /* main.m in Sources */ = {isa = PBXBuildFile; fileRef = 9AC960171A353E7A00AC648D /* main.m */; };
		9AC9601B1A353E7A00AC648D /* AppDelegate.m in Sources */ = {isa = PBXBuildFile; fileRef = 9AC9601A1A353E7A00AC648D /* AppDelegate.m */; };
		9AC9601E1A353E7A00AC648D /* YUScreentPoperDemo.xcdatamodeld in Sources */ = {isa = PBXBuildFile; fileRef = 9AC9601C1A353E7A00AC648D /* YUScreentPoperDemo.xcdatamodeld */; };
		9AC960211A353E7A00AC648D /* ViewController.m in Sources */ = {isa = PBXBuildFile; fileRef = 9AC960201A353E7A00AC648D /* ViewController.m */; };
		9AC960261A353E7A00AC648D /* Images.xcassets in Resources */ = {isa = PBXBuildFile; fileRef = 9AC960251A353E7A00AC648D /* Images.xcassets */; };
		9AC960291A353E7A00AC648D /* LaunchScreen.xib in Resources */ = {isa = PBXBuildFile; fileRef = 9AC960271A353E7A00AC648D /* LaunchScreen.xib */; };
		9AC960351A353E7A00AC648D /* YUScreentPoperDemoTests.m in Sources */ = {isa = PBXBuildFile; fileRef = 9AC960341A353E7A00AC648D /* YUScreentPoperDemoTests.m */; };
		9AC960491A353F7300AC648D /* UIWindow+YUBottomPoper.m in Sources */ = {isa = PBXBuildFile; fileRef = 9AC960401A353F7300AC648D /* UIWindow+YUBottomPoper.m */; };
		9AC9604A1A353F7300AC648D /* YUBottomPopSelctModel.m in Sources */ = {isa = PBXBuildFile; fileRef = 9AC960421A353F7300AC648D /* YUBottomPopSelctModel.m */; };
		9AC9604B1A353F7300AC648D /* YUBottomPopSelctView.m in Sources */ = {isa = PBXBuildFile; fileRef = 9AC960441A353F7300AC648D /* YUBottomPopSelctView.m */; };
		9AC9604C1A353F7300AC648D /* YUDarkGlassView.m in Sources */ = {isa = PBXBuildFile; fileRef = 9AC960461A353F7300AC648D /* YUDarkGlassView.m */; };
		9AC960581A3540D100AC648D /* YUDIVView.m in Sources */ = {isa = PBXBuildFile; fileRef = 9AC960571A3540D100AC648D /* YUDIVView.m */; };
		9AC9605B1A35412800AC648D /* UIColor+YUColor.m in Sources */ = {isa = PBXBuildFile; fileRef = 9AC9605A1A35412800AC648D /* UIColor+YUColor.m */; };
		9AC9605E1A35415900AC648D /* UIView+YUStyle.m in Sources */ = {isa = PBXBuildFile; fileRef = 9AC9605D1A35415900AC648D /* UIView+YUStyle.m */; };
		9AC960651A35425800AC648D /* FontAwesome.ttf in Resources */ = {isa = PBXBuildFile; fileRef = 9AC960601A35425800AC648D /* FontAwesome.ttf */; };
		9AC960661A35425800AC648D /* NSString+FontAwesome.m in Sources */ = {isa = PBXBuildFile; fileRef = 9AC960621A35425800AC648D /* NSString+FontAwesome.m */; };
		9AC960671A35425800AC648D /* UIButton+Bootstrap.m in Sources */ = {isa = PBXBuildFile; fileRef = 9AC960641A35425800AC648D /* UIButton+Bootstrap.m */; };
		9AC9606A1A35446D00AC648D /* yConst.m in Sources */ = {isa = PBXBuildFile; fileRef = 9AC960691A35446D00AC648D /* yConst.m */; };
/* End PBXBuildFile section */

/* Begin PBXContainerItemProxy section */
		9AC9602F1A353E7A00AC648D /* PBXContainerItemProxy */ = {
			isa = PBXContainerItemProxy;
			containerPortal = 9AC9600A1A353E7A00AC648D /* Project object */;
			proxyType = 1;
			remoteGlobalIDString = 9AC960111A353E7A00AC648D;
			remoteInfo = YUScreentPoperDemo;
		};
/* End PBXContainerItemProxy section */

/* Begin PBXFileReference section */
		9AC960121A353E7A00AC648D /* YUScreentPoperDemo.app */ = {isa = PBXFileReference; explicitFileType = wrapper.application; includeInIndex = 0; path = YUScreentPoperDemo.app; sourceTree = BUILT_PRODUCTS_DIR; };
		9AC960161A353E7A00AC648D /* Info.plist */ = {isa = PBXFileReference; lastKnownFileType = text.plist.xml; path = Info.plist; sourceTree = "<group>"; };
		9AC960171A353E7A00AC648D /* main.m */ = {isa = PBXFileReference; lastKnownFileType = sourcecode.c.objc; path = main.m; sourceTree = "<group>"; };
		9AC960191A353E7A00AC648D /* AppDelegate.h */ = {isa = PBXFileReference; lastKnownFileType = sourcecode.c.h; path = AppDelegate.h; sourceTree = "<group>"; };
		9AC9601A1A353E7A00AC648D /* AppDelegate.m */ = {isa = PBXFileReference; lastKnownFileType = sourcecode.c.objc; path = AppDelegate.m; sourceTree = "<group>"; };
		9AC9601D1A353E7A00AC648D /* YUScreentPoperDemo.xcdatamodel */ = {isa = PBXFileReference; lastKnownFileType = wrapper.xcdatamodel; path = YUScreentPoperDemo.xcdatamodel; sourceTree = "<group>"; };
		9AC9601F1A353E7A00AC648D /* ViewController.h */ = {isa = PBXFileReference; lastKnownFileType = sourcecode.c.h; path = ViewController.h; sourceTree = "<group>"; };
		9AC960201A353E7A00AC648D /* ViewController.m */ = {isa = PBXFileReference; lastKnownFileType = sourcecode.c.objc; path = ViewController.m; sourceTree = "<group>"; };
		9AC960251A353E7A00AC648D /* Images.xcassets */ = {isa = PBXFileReference; lastKnownFileType = folder.assetcatalog; path = Images.xcassets; sourceTree = "<group>"; };
		9AC960281A353E7A00AC648D /* Base */ = {isa = PBXFileReference; lastKnownFileType = file.xib; name = Base; path = Base.lproj/LaunchScreen.xib; sourceTree = "<group>"; };
		9AC9602E1A353E7A00AC648D /* YUScreentPoperDemoTests.xctest */ = {isa = PBXFileReference; explicitFileType = wrapper.cfbundle; includeInIndex = 0; path = YUScreentPoperDemoTests.xctest; sourceTree = BUILT_PRODUCTS_DIR; };
		9AC960331A353E7A00AC648D /* Info.plist */ = {isa = PBXFileReference; lastKnownFileType = text.plist.xml; path = Info.plist; sourceTree = "<group>"; };
		9AC960341A353E7A00AC648D /* YUScreentPoperDemoTests.m */ = {isa = PBXFileReference; lastKnownFileType = sourcecode.c.objc; path = YUScreentPoperDemoTests.m; sourceTree = "<group>"; };
		9AC9603F1A353F7300AC648D /* UIWindow+YUBottomPoper.h */ = {isa = PBXFileReference; fileEncoding = 4; lastKnownFileType = sourcecode.c.h; path = "UIWindow+YUBottomPoper.h"; sourceTree = "<group>"; };
		9AC960401A353F7300AC648D /* UIWindow+YUBottomPoper.m */ = {isa = PBXFileReference; fileEncoding = 4; lastKnownFileType = sourcecode.c.objc; path = "UIWindow+YUBottomPoper.m"; sourceTree = "<group>"; };
		9AC960411A353F7300AC648D /* YUBottomPopSelctModel.h */ = {isa = PBXFileReference; fileEncoding = 4; lastKnownFileType = sourcecode.c.h; path = YUBottomPopSelctModel.h; sourceTree = "<group>"; };
		9AC960421A353F7300AC648D /* YUBottomPopSelctModel.m */ = {isa = PBXFileReference; fileEncoding = 4; lastKnownFileType = sourcecode.c.objc; path = YUBottomPopSelctModel.m; sourceTree = "<group>"; };
		9AC960431A353F7300AC648D /* YUBottomPopSelctView.h */ = {isa = PBXFileReference; fileEncoding = 4; lastKnownFileType = sourcecode.c.h; path = YUBottomPopSelctView.h; sourceTree = "<group>"; };
		9AC960441A353F7300AC648D /* YUBottomPopSelctView.m */ = {isa = PBXFileReference; fileEncoding = 4; lastKnownFileType = sourcecode.c.objc; path = YUBottomPopSelctView.m; sourceTree = "<group>"; };
		9AC960451A353F7300AC648D /* YUDarkGlassView.h */ = {isa = PBXFileReference; fileEncoding = 4; lastKnownFileType = sourcecode.c.h; path = YUDarkGlassView.h; sourceTree = "<group>"; };
		9AC960461A353F7300AC648D /* YUDarkGlassView.m */ = {isa = PBXFileReference; fileEncoding = 4; lastKnownFileType = sourcecode.c.objc; path = YUDarkGlassView.m; sourceTree = "<group>"; };
		9AC960561A3540D100AC648D /* YUDIVView.h */ = {isa = PBXFileReference; fileEncoding = 4; lastKnownFileType = sourcecode.c.h; path = YUDIVView.h; sourceTree = "<group>"; };
		9AC960571A3540D100AC648D /* YUDIVView.m */ = {isa = PBXFileReference; fileEncoding = 4; lastKnownFileType = sourcecode.c.objc; path = YUDIVView.m; sourceTree = "<group>"; };
		9AC960591A35412800AC648D /* UIColor+YUColor.h */ = {isa = PBXFileReference; fileEncoding = 4; lastKnownFileType = sourcecode.c.h; path = "UIColor+YUColor.h"; sourceTree = "<group>"; };
		9AC9605A1A35412800AC648D /* UIColor+YUColor.m */ = {isa = PBXFileReference; fileEncoding = 4; lastKnownFileType = sourcecode.c.objc; path = "UIColor+YUColor.m"; sourceTree = "<group>"; };
		9AC9605C1A35415900AC648D /* UIView+YUStyle.h */ = {isa = PBXFileReference; fileEncoding = 4; lastKnownFileType = sourcecode.c.h; path = "UIView+YUStyle.h"; sourceTree = "<group>"; };
		9AC9605D1A35415900AC648D /* UIView+YUStyle.m */ = {isa = PBXFileReference; fileEncoding = 4; lastKnownFileType = sourcecode.c.objc; path = "UIView+YUStyle.m"; sourceTree = "<group>"; };
		9AC960601A35425800AC648D /* FontAwesome.ttf */ = {isa = PBXFileReference; lastKnownFileType = file; path = FontAwesome.ttf; sourceTree = "<group>"; };
		9AC960611A35425800AC648D /* NSString+FontAwesome.h */ = {isa = PBXFileReference; fileEncoding = 4; lastKnownFileType = sourcecode.c.h; path = "NSString+FontAwesome.h"; sourceTree = "<group>"; };
		9AC960621A35425800AC648D /* NSString+FontAwesome.m */ = {isa = PBXFileReference; fileEncoding = 4; lastKnownFileType = sourcecode.c.objc; path = "NSString+FontAwesome.m"; sourceTree = "<group>"; };
		9AC960631A35425800AC648D /* UIButton+Bootstrap.h */ = {isa = PBXFileReference; fileEncoding = 4; lastKnownFileType = sourcecode.c.h; path = "UIButton+Bootstrap.h"; sourceTree = "<group>"; };
		9AC960641A35425800AC648D /* UIButton+Bootstrap.m */ = {isa = PBXFileReference; fileEncoding = 4; lastKnownFileType = sourcecode.c.objc; path = "UIButton+Bootstrap.m"; sourceTree = "<group>"; };
		9AC960681A35446D00AC648D /* yConst.h */ = {isa = PBXFileReference; fileEncoding = 4; lastKnownFileType = sourcecode.c.h; path = yConst.h; sourceTree = "<group>"; };
		9AC960691A35446D00AC648D /* yConst.m */ = {isa = PBXFileReference; fileEncoding = 4; lastKnownFileType = sourcecode.c.objc; path = yConst.m; sourceTree = "<group>"; };
/* End PBXFileReference section */

/* Begin PBXFrameworksBuildPhase section */
		9AC9600F1A353E7A00AC648D /* Frameworks */ = {
			isa = PBXFrameworksBuildPhase;
			buildActionMask = 2147483647;
			files = (
			);
			runOnlyForDeploymentPostprocessing = 0;
		};
		9AC9602B1A353E7A00AC648D /* Frameworks */ = {
			isa = PBXFrameworksBuildPhase;
			buildActionMask = 2147483647;
			files = (
			);
			runOnlyForDeploymentPostprocessing = 0;
		};
/* End PBXFrameworksBuildPhase section */

/* Begin PBXGroup section */
		9AC960091A353E7A00AC648D = {
			isa = PBXGroup;
			children = (
				9AC960141A353E7A00AC648D /* YUScreentPoperDemo */,
				9AC960311A353E7A00AC648D /* YUScreentPoperDemoTests */,
				9AC960131A353E7A00AC648D /* Products */,
			);
			sourceTree = "<group>";
		};
		9AC960131A353E7A00AC648D /* Products */ = {
			isa = PBXGroup;
			children = (
				9AC960121A353E7A00AC648D /* YUScreentPoperDemo.app */,
				9AC9602E1A353E7A00AC648D /* YUScreentPoperDemoTests.xctest */,
			);
			name = Products;
			sourceTree = "<group>";
		};
		9AC960141A353E7A00AC648D /* YUScreentPoperDemo */ = {
			isa = PBXGroup;
			children = (
				9AC9603E1A353F7300AC648D /* YUScreentPoper */,
				9AC960191A353E7A00AC648D /* AppDelegate.h */,
				9AC9601A1A353E7A00AC648D /* AppDelegate.m */,
				9AC9601F1A353E7A00AC648D /* ViewController.h */,
				9AC960201A353E7A00AC648D /* ViewController.m */,
				9AC960251A353E7A00AC648D /* Images.xcassets */,
				9AC960271A353E7A00AC648D /* LaunchScreen.xib */,
				9AC9601C1A353E7A00AC648D /* YUScreentPoperDemo.xcdatamodeld */,
				9AC960151A353E7A00AC648D /* Supporting Files */,
			);
			path = YUScreentPoperDemo;
			sourceTree = "<group>";
		};
		9AC960151A353E7A00AC648D /* Supporting Files */ = {
			isa = PBXGroup;
			children = (
				9AC960161A353E7A00AC648D /* Info.plist */,
				9AC960171A353E7A00AC648D /* main.m */,
			);
			name = "Supporting Files";
			sourceTree = "<group>";
		};
		9AC960311A353E7A00AC648D /* YUScreentPoperDemoTests */ = {
			isa = PBXGroup;
			children = (
				9AC960341A353E7A00AC648D /* YUScreentPoperDemoTests.m */,
				9AC960321A353E7A00AC648D /* Supporting Files */,
			);
			path = YUScreentPoperDemoTests;
			sourceTree = "<group>";
		};
		9AC960321A353E7A00AC648D /* Supporting Files */ = {
			isa = PBXGroup;
			children = (
				9AC960331A353E7A00AC648D /* Info.plist */,
			);
			name = "Supporting Files";
			sourceTree = "<group>";
		};
		9AC9603E1A353F7300AC648D /* YUScreentPoper */ = {
			isa = PBXGroup;
			children = (
				9AC9605F1A35425800AC648D /* Button */,
				9AC9605C1A35415900AC648D /* UIView+YUStyle.h */,
				9AC9605D1A35415900AC648D /* UIView+YUStyle.m */,
				9AC960591A35412800AC648D /* UIColor+YUColor.h */,
				9AC9605A1A35412800AC648D /* UIColor+YUColor.m */,
				9AC960551A3540D100AC648D /* DIVVIEW */,
				9AC9603F1A353F7300AC648D /* UIWindow+YUBottomPoper.h */,
				9AC960401A353F7300AC648D /* UIWindow+YUBottomPoper.m */,
				9AC960411A353F7300AC648D /* YUBottomPopSelctModel.h */,
				9AC960421A353F7300AC648D /* YUBottomPopSelctModel.m */,
				9AC960431A353F7300AC648D /* YUBottomPopSelctView.h */,
				9AC960441A353F7300AC648D /* YUBottomPopSelctView.m */,
				9AC960451A353F7300AC648D /* YUDarkGlassView.h */,
				9AC960461A353F7300AC648D /* YUDarkGlassView.m */,
				9AC960681A35446D00AC648D /* yConst.h */,
				9AC960691A35446D00AC648D /* yConst.m */,
			);
			path = YUScreentPoper;
			sourceTree = "<group>";
		};
		9AC960551A3540D100AC648D /* DIVVIEW */ = {
			isa = PBXGroup;
			children = (
				9AC960561A3540D100AC648D /* YUDIVView.h */,
				9AC960571A3540D100AC648D /* YUDIVView.m */,
			);
			path = DIVVIEW;
			sourceTree = "<group>";
		};
		9AC9605F1A35425800AC648D /* Button */ = {
			isa = PBXGroup;
			children = (
				9AC960601A35425800AC648D /* FontAwesome.ttf */,
				9AC960611A35425800AC648D /* NSString+FontAwesome.h */,
				9AC960621A35425800AC648D /* NSString+FontAwesome.m */,
				9AC960631A35425800AC648D /* UIButton+Bootstrap.h */,
				9AC960641A35425800AC648D /* UIButton+Bootstrap.m */,
			);
			path = Button;
			sourceTree = "<group>";
		};
/* End PBXGroup section */

/* Begin PBXNativeTarget section */
		9AC960111A353E7A00AC648D /* YUScreentPoperDemo */ = {
			isa = PBXNativeTarget;
			buildConfigurationList = 9AC960381A353E7A00AC648D /* Build configuration list for PBXNativeTarget "YUScreentPoperDemo" */;
			buildPhases = (
				9AC9600E1A353E7A00AC648D /* Sources */,
				9AC9600F1A353E7A00AC648D /* Frameworks */,
				9AC960101A353E7A00AC648D /* Resources */,
			);
			buildRules = (
			);
			dependencies = (
			);
			name = YUScreentPoperDemo;
			productName = YUScreentPoperDemo;
			productReference = 9AC960121A353E7A00AC648D /* YUScreentPoperDemo.app */;
			productType = "com.apple.product-type.application";
		};
		9AC9602D1A353E7A00AC648D /* YUScreentPoperDemoTests */ = {
			isa = PBXNativeTarget;
			buildConfigurationList = 9AC9603B1A353E7A00AC648D /* Build configuration list for PBXNativeTarget "YUScreentPoperDemoTests" */;
			buildPhases = (
				9AC9602A1A353E7A00AC648D /* Sources */,
				9AC9602B1A353E7A00AC648D /* Frameworks */,
				9AC9602C1A353E7A00AC648D /* Resources */,
			);
			buildRules = (
			);
			dependencies = (
				9AC960301A353E7A00AC648D /* PBXTargetDependency */,
			);
			name = YUScreentPoperDemoTests;
			productName = YUScreentPoperDemoTests;
			productReference = 9AC9602E1A353E7A00AC648D /* YUScreentPoperDemoTests.xctest */;
			productType = "com.apple.product-type.bundle.unit-test";
		};
/* End PBXNativeTarget section */

/* Begin PBXProject section */
		9AC9600A1A353E7A00AC648D /* Project object */ = {
			isa = PBXProject;
			attributes = {
				LastUpgradeCheck = 0610;
				ORGANIZATIONNAME = XIAYUN.YE;
				TargetAttributes = {
					9AC960111A353E7A00AC648D = {
						CreatedOnToolsVersion = 6.1;
					};
					9AC9602D1A353E7A00AC648D = {
						CreatedOnToolsVersion = 6.1;
						TestTargetID = 9AC960111A353E7A00AC648D;
					};
				};
			};
			buildConfigurationList = 9AC9600D1A353E7A00AC648D /* Build configuration list for PBXProject "YUScreentPoperDemo" */;
			compatibilityVersion = "Xcode 3.2";
			developmentRegion = English;
			hasScannedForEncodings = 0;
			knownRegions = (
				en,
				Base,
			);
			mainGroup = 9AC960091A353E7A00AC648D;
			productRefGroup = 9AC960131A353E7A00AC648D /* Products */;
			projectDirPath = "";
			projectRoot = "";
			targets = (
				9AC960111A353E7A00AC648D /* YUScreentPoperDemo */,
				9AC9602D1A353E7A00AC648D /* YUScreentPoperDemoTests */,
			);
		};
/* End PBXProject section */

/* Begin PBXResourcesBuildPhase section */
		9AC960101A353E7A00AC648D /* Resources */ = {
			isa = PBXResourcesBuildPhase;
			buildActionMask = 2147483647;
			files = (
				9AC960291A353E7A00AC648D /* LaunchScreen.xib in Resources */,
				9AC960261A353E7A00AC648D /* Images.xcassets in Resources */,
				9AC960651A35425800AC648D /* FontAwesome.ttf in Resources */,
			);
			runOnlyForDeploymentPostprocessing = 0;
		};
		9AC9602C1A353E7A00AC648D /* Resources */ = {
			isa = PBXResourcesBuildPhase;
			buildActionMask = 2147483647;
			files = (
			);
			runOnlyForDeploymentPostprocessing = 0;
		};
/* End PBXResourcesBuildPhase section */

/* Begin PBXSourcesBuildPhase section */
		9AC9600E1A353E7A00AC648D /* Sources */ = {
			isa = PBXSourcesBuildPhase;
			buildActionMask = 2147483647;
			files = (
				9AC9601B1A353E7A00AC648D /* AppDelegate.m in Sources */,
				9AC9604C1A353F7300AC648D /* YUDarkGlassView.m in Sources */,
				9AC960671A35425800AC648D /* UIButton+Bootstrap.m in Sources */,
				9AC9606A1A35446D00AC648D /* yConst.m in Sources */,
				9AC9605E1A35415900AC648D /* UIView+YUStyle.m in Sources */,
				9AC9605B1A35412800AC648D /* UIColor+YUColor.m in Sources */,
				9AC960581A3540D100AC648D /* YUDIVView.m in Sources */,
				9AC9604B1A353F7300AC648D /* YUBottomPopSelctView.m in Sources */,
				9AC960661A35425800AC648D /* NSString+FontAwesome.m in Sources */,
				9AC960491A353F7300AC648D /* UIWindow+YUBottomPoper.m in Sources */,
				9AC9604A1A353F7300AC648D /* YUBottomPopSelctModel.m in Sources */,
				9AC960181A353E7A00AC648D /* main.m in Sources */,
				9AC960211A353E7A00AC648D /* ViewController.m in Sources */,
				9AC9601E1A353E7A00AC648D /* YUScreentPoperDemo.xcdatamodeld in Sources */,
			);
			runOnlyForDeploymentPostprocessing = 0;
		};
		9AC9602A1A353E7A00AC648D /* Sources */ = {
			isa = PBXSourcesBuildPhase;
			buildActionMask = 2147483647;
			files = (
				9AC960351A353E7A00AC648D /* YUScreentPoperDemoTests.m in Sources */,
			);
			runOnlyForDeploymentPostprocessing = 0;
		};
/* End PBXSourcesBuildPhase section */

/* Begin PBXTargetDependency section */
		9AC960301A353E7A00AC648D /* PBXTargetDependency */ = {
			isa = PBXTargetDependency;
			target = 9AC960111A353E7A00AC648D /* YUScreentPoperDemo */;
			targetProxy = 9AC9602F1A353E7A00AC648D /* PBXContainerItemProxy */;
		};
/* End PBXTargetDependency section */

/* Begin PBXVariantGroup section */
		9AC960271A353E7A00AC648D /* LaunchScreen.xib */ = {
			isa = PBXVariantGroup;
			children = (
				9AC960281A353E7A00AC648D /* Base */,
			);
			name = LaunchScreen.xib;
			sourceTree = "<group>";
		};
/* End PBXVariantGroup section */

/* Begin XCBuildConfiguration section */
		9AC960361A353E7A00AC648D /* Debug */ = {
			isa = XCBuildConfiguration;
			buildSettings = {
				ALWAYS_SEARCH_USER_PATHS = NO;
				CLANG_CXX_LANGUAGE_STANDARD = "gnu++0x";
				CLANG_CXX_LIBRARY = "libc++";
				CLANG_ENABLE_MODULES = YES;
				CLANG_ENABLE_OBJC_ARC = YES;
				CLANG_WARN_BOOL_CONVERSION = YES;
				CLANG_WARN_CONSTANT_CONVERSION = YES;
				CLANG_WARN_DIRECT_OBJC_ISA_USAGE = YES_ERROR;
				CLANG_WARN_EMPTY_BODY = YES;
				CLANG_WARN_ENUM_CONVERSION = YES;
				CLANG_WARN_INT_CONVERSION = YES;
				CLANG_WARN_OBJC_ROOT_CLASS = YES_ERROR;
				CLANG_WARN_UNREACHABLE_CODE = YES;
				CLANG_WARN__DUPLICATE_METHOD_MATCH = YES;
				"CODE_SIGN_IDENTITY[sdk=iphoneos*]" = "iPhone Developer";
				COPY_PHASE_STRIP = NO;
				ENABLE_STRICT_OBJC_MSGSEND = YES;
				GCC_C_LANGUAGE_STANDARD = gnu99;
				GCC_DYNAMIC_NO_PIC = NO;
				GCC_OPTIMIZATION_LEVEL = 0;
				GCC_PREPROCESSOR_DEFINITIONS = (
					"DEBUG=1",
					"$(inherited)",
				);
				GCC_SYMBOLS_PRIVATE_EXTERN = NO;
				GCC_WARN_64_TO_32_BIT_CONVERSION = YES;
				GCC_WARN_ABOUT_RETURN_TYPE = YES_ERROR;
				GCC_WARN_UNDECLARED_SELECTOR = YES;
				GCC_WARN_UNINITIALIZED_AUTOS = YES_AGGRESSIVE;
				GCC_WARN_UNUSED_FUNCTION = YES;
				GCC_WARN_UNUSED_VARIABLE = YES;
				IPHONEOS_DEPLOYMENT_TARGET = 8.1;
				MTL_ENABLE_DEBUG_INFO = YES;
				ONLY_ACTIVE_ARCH = YES;
				SDKROOT = iphoneos;
			};
			name = Debug;
		};
		9AC960371A353E7A00AC648D /* Release */ = {
			isa = XCBuildConfiguration;
			buildSettings = {
				ALWAYS_SEARCH_USER_PATHS = NO;
				CLANG_CXX_LANGUAGE_STANDARD = "gnu++0x";
				CLANG_CXX_LIBRARY = "libc++";
				CLANG_ENABLE_MODULES = YES;
				CLANG_ENABLE_OBJC_ARC = YES;
				CLANG_WARN_BOOL_CONVERSION = YES;
				CLANG_WARN_CONSTANT_CONVERSION = YES;
				CLANG_WARN_DIRECT_OBJC_ISA_USAGE = YES_ERROR;
				CLANG_WARN_EMPTY_BODY = YES;
				CLANG_WARN_ENUM_CONVERSION = YES;
				CLANG_WARN_INT_CONVERSION = YES;
				CLANG_WARN_OBJC_ROOT_CLASS = YES_ERROR;
				CLANG_WARN_UNREACHABLE_CODE = YES;
				CLANG_WARN__DUPLICATE_METHOD_MATCH = YES;
				"CODE_SIGN_IDENTITY[sdk=iphoneos*]" = "iPhone Developer";
				COPY_PHASE_STRIP = YES;
				ENABLE_NS_ASSERTIONS = NO;
				ENABLE_STRICT_OBJC_MSGSEND = YES;
				GCC_C_LANGUAGE_STANDARD = gnu99;
				GCC_WARN_64_TO_32_BIT_CONVERSION = YES;
				GCC_WARN_ABOUT_RETURN_TYPE = YES_ERROR;
				GCC_WARN_UNDECLARED_SELECTOR = YES;
				GCC_WARN_UNINITIALIZED_AUTOS = YES_AGGRESSIVE;
				GCC_WARN_UNUSED_FUNCTION = YES;
				GCC_WARN_UNUSED_VARIABLE = YES;
				IPHONEOS_DEPLOYMENT_TARGET = 8.1;
				MTL_ENABLE_DEBUG_INFO = NO;
				SDKROOT = iphoneos;
				VALIDATE_PRODUCT = YES;
			};
			name = Release;
		};
		9AC960391A353E7A00AC648D /* Debug */ = {
			isa = XCBuildConfiguration;
			buildSettings = {
				ASSETCATALOG_COMPILER_APPICON_NAME = AppIcon;
				INFOPLIST_FILE = YUScreentPoperDemo/Info.plist;
				IPHONEOS_DEPLOYMENT_TARGET = 7.0;
				LD_RUNPATH_SEARCH_PATHS = "$(inherited) @executable_path/Frameworks";
				PRODUCT_NAME = "$(TARGET_NAME)";
			};
			name = Debug;
		};
		9AC9603A1A353E7A00AC648D /* Release */ = {
			isa = XCBuildConfiguration;
			buildSettings = {
				ASSETCATALOG_COMPILER_APPICON_NAME = AppIcon;
				INFOPLIST_FILE = YUScreentPoperDemo/Info.plist;
				IPHONEOS_DEPLOYMENT_TARGET = 7.0;
				LD_RUNPATH_SEARCH_PATHS = "$(inherited) @executable_path/Frameworks";
				PRODUCT_NAME = "$(TARGET_NAME)";
			};
			name = Release;
		};
		9AC9603C1A353E7A00AC648D /* Debug */ = {
			isa = XCBuildConfiguration;
			buildSettings = {
				BUNDLE_LOADER = "$(TEST_HOST)";
				FRAMEWORK_SEARCH_PATHS = (
					"$(SDKROOT)/Developer/Library/Frameworks",
					"$(inherited)",
				);
				GCC_PREPROCESSOR_DEFINITIONS = (
					"DEBUG=1",
					"$(inherited)",
				);
				INFOPLIST_FILE = YUScreentPoperDemoTests/Info.plist;
				LD_RUNPATH_SEARCH_PATHS = "$(inherited) @executable_path/Frameworks @loader_path/Frameworks";
				PRODUCT_NAME = "$(TARGET_NAME)";
				TEST_HOST = "$(BUILT_PRODUCTS_DIR)/YUScreentPoperDemo.app/YUScreentPoperDemo";
			};
			name = Debug;
		};
		9AC9603D1A353E7A00AC648D /* Release */ = {
			isa = XCBuildConfiguration;
			buildSettings = {
				BUNDLE_LOADER = "$(TEST_HOST)";
				FRAMEWORK_SEARCH_PATHS = (
					"$(SDKROOT)/Developer/Library/Frameworks",
					"$(inherited)",
				);
				INFOPLIST_FILE = YUScreentPoperDemoTests/Info.plist;
				LD_RUNPATH_SEARCH_PATHS = "$(inherited) @executable_path/Frameworks @loader_path/Frameworks";
				PRODUCT_NAME = "$(TARGET_NAME)";
				TEST_HOST = "$(BUILT_PRODUCTS_DIR)/YUScreentPoperDemo.app/YUScreentPoperDemo";
			};
			name = Release;
		};
/* End XCBuildConfiguration section */

/* Begin XCConfigurationList section */
		9AC9600D1A353E7A00AC648D /* Build configuration list for PBXProject "YUScreentPoperDemo" */ = {
			isa = XCConfigurationList;
			buildConfigurations = (
				9AC960361A353E7A00AC648D /* Debug */,
				9AC960371A353E7A00AC648D /* Release */,
			);
			defaultConfigurationIsVisible = 0;
			defaultConfigurationName = Release;
		};
		9AC960381A353E7A00AC648D /* Build configuration list for PBXNativeTarget "YUScreentPoperDemo" */ = {
			isa = XCConfigurationList;
			buildConfigurations = (
				9AC960391A353E7A00AC648D /* Debug */,
				9AC9603A1A353E7A00AC648D /* Release */,
			);
			defaultConfigurationIsVisible = 0;
			defaultConfigurationName = Release;
		};
		9AC9603B1A353E7A00AC648D /* Build configuration list for PBXNativeTarget "YUScreentPoperDemoTests" */ = {
			isa = XCConfigurationList;
			buildConfigurations = (
				9AC9603C1A353E7A00AC648D /* Debug */,
				9AC9603D1A353E7A00AC648D /* Release */,
			);
			defaultConfigurationIsVisible = 0;
			defaultConfigurationName = Release;
		};
/* End XCConfigurationList section */

/* Begin XCVersionGroup section */
		9AC9601C1A353E7A00AC648D /* YUScreentPoperDemo.xcdatamodeld */ = {
			isa = XCVersionGroup;
			children = (
				9AC9601D1A353E7A00AC648D /* YUScreentPoperDemo.xcdatamodel */,
			);
			currentVersion = 9AC9601D1A353E7A00AC648D /* YUScreentPoperDemo.xcdatamodel */;
			path = YUScreentPoperDemo.xcdatamodeld;
			sourceTree = "<group>";
			versionGroupType = wrapper.xcdatamodel;
		};
/* End XCVersionGroup section */
	};
	rootObject = 9AC9600A1A353E7A00AC648D /* Project object */;
}
